# This file is automatically @generated by Cargo.
# It is not intended for manual editing.
version = 3

[[package]]
name = "cascade"
version = "1.0.1"
source = "registry+https://github.com/rust-lang/crates.io-index"
checksum = "d499b43edbf784dd81e16f0395f5b4350a35b477da8a074251087adefc11cb52"

[[package]]
name = "safe_sql"
version = "0.1.0"
dependencies = [
 "cascade",
 "string-builder",
]

[[package]]
name = "string-builder"
version = "0.2.0"
source = "registry+https://github.com/rust-lang/crates.io-index"
checksum = "2bd10a070fb1f2796a288abec42695db4682a82b6f12ffacd60fb8d5ad3a4a12"
